<?xml version="1.0" encoding="utf-8"?>
<Project ToolsVersion="4.0" xmlns="http://schemas.microsoft.com/developer/msbuild/2003">
  <ItemGroup>
    <Filter Include="Source Files">
      <UniqueIdentifier>{4FC737F1-C7A5-4376-A066-2A32D752A2FF}</UniqueIdentifier>
      <Extensions>cpp;c;cc;cxx;def;odl;idl;hpj;bat;asm;asmx</Extensions>
    </Filter>
    <Filter Include="Header Files">
      <UniqueIdentifier>{93995380-89BD-4b04-88EB-625FBE52EBFB}</UniqueIdentifier>
      <Extensions>h;hh;hpp;hxx;hm;inl;inc;xsd</Extensions>
    </Filter>
    <Filter Include="Resource Files">
      <UniqueIdentifier>{67DA6AB6-F800-4c08-8B7A-83BB121AAD01}</UniqueIdentifier>
      <Extensions>rc;ico;cur;bmp;dlg;rc2;rct;bin;rgs;gif;jpg;jpeg;jpe;resx;tiff;tif;png;wav;mfcribbon-ms</Extensions>
    </Filter>
  </ItemGroup>
  <ItemGroup>
    <Text Include="ReadMe.txt" />
  </ItemGroup>
  <ItemGroup>
    <ClInclude Include="src\gameboy.h">
      <Filter>Header Files</Filter>
    </ClInclude>
    <ClInclude Include="src\render.h">
      <Filter>Header Files</Filter>
    </ClInclude>
    <ClInclude Include="src\memory\cart.h">
      <Filter>Header Files</Filter>
    </ClInclude>
    <ClInclude Include="src\memory\cartridge.h">
      <Filter>Header Files</Filter>
    </ClInclude>
    <ClInclude Include="src\memory\mbc.h">
      <Filter>Header Files</Filter>
    </ClInclude>
    <ClInclude Include="src\memory\memory.h">
      <Filter>Header Files</Filter>
    </ClInclude>
    <ClInclude Include="src\memory\mmu.h">
      <Filter>Header Files</Filter>
    </ClInclude>
    <ClInclude Include="src\memory\register.h">
      <Filter>Header Files</Filter>
    </ClInclude>
    <ClInclude Include="src\processors\central\cpu.h">
      <Filter>Header Files</Filter>
    </ClInclude>
    <ClInclude Include="src\processors\central\interrupt.h">
      <Filter>Header Files</Filter>
    </ClInclude>
    <ClInclude Include="src\processors\pixel\ppu.h">
      <Filter>Header Files</Filter>
    </ClInclude>
    <ClInclude Include="src\time\timer.h">
      <Filter>Header Files</Filter>
    </ClInclude>
    <ClInclude Include="src\boot\bootloader.h">
      <Filter>Header Files</Filter>
    </ClInclude>
    <ClInclude Include="src\common\bit.h">
      <Filter>Header Files</Filter>
    </ClInclude>
    <ClInclude Include="src\common\stdafx.h">
      <Filter>Header Files</Filter>
    </ClInclude>
    <ClInclude Include="src\common\targetver.h">
      <Filter>Header Files</Filter>
    </ClInclude>
    <ClInclude Include="src\common\types.h">
      <Filter>Header Files</Filter>
    </ClInclude>
    <ClInclude Include="src\display\display.h">
      <Filter>Header Files</Filter>
    </ClInclude>
    <ClInclude Include="src\cli.h">
      <Filter>Header Files</Filter>
    </ClInclude>
    <ClInclude Include="src\opts.h">
      <Filter>Header Files</Filter>
    </ClInclude>
    <ClInclude Include="src\config.h">
      <Filter>Header Files</Filter>
    </ClInclude>
  </ItemGroup>
  <ItemGroup>
    <ClCompile Include="src\display\display.cpp">
      <Filter>Source Files</Filter>
    </ClCompile>
    <ClCompile Include="src\common\bit.cpp">
      <Filter>Source Files</Filter>
    </ClCompile>
    <ClCompile Include="src\common\stdafx.cpp">
      <Filter>Source Files</Filter>
    </ClCompile>
    <ClCompile Include="src\memory\cart.cpp">
      <Filter>Source Files</Filter>
    </ClCompile>
    <ClCompile Include="src\memory\cartridge.cpp">
      <Filter>Source Files</Filter>
    </ClCompile>
    <ClCompile Include="src\memory\mbc.cpp">
      <Filter>Source Files</Filter>
    </ClCompile>
    <ClCompile Include="src\memory\memory.cpp">
      <Filter>Source Files</Filter>
    </ClCompile>
    <ClCompile Include="src\memory\mmu.cpp">
      <Filter>Source Files</Filter>
    </ClCompile>
    <ClCompile Include="src\memory\register.cpp">
      <Filter>Source Files</Filter>
    </ClCompile>
    <ClCompile Include="src\processors\central\cpu.cpp">
      <Filter>Source Files</Filter>
    </ClCompile>
    <ClCompile Include="src\processors\central\cpu_stress_test.cpp">
      <Filter>Source Files</Filter>
    </ClCompile>
    <ClCompile Include="src\processors\central\decode.cpp">
      <Filter>Source Files</Filter>
    </ClCompile>
    <ClCompile Include="src\processors\central\interrupt.cpp">
      <Filter>Source Files</Filter>
    </ClCompile>
    <ClCompile Include="src\processors\pixel\ppu.cpp">
      <Filter>Source Files</Filter>
    </ClCompile>
    <ClCompile Include="src\processors\pixel\ppu_stress_test.cpp">
      <Filter>Source Files</Filter>
    </ClCompile>
    <ClCompile Include="src\time\timer.cpp">
      <Filter>Source Files</Filter>
    </ClCompile>
    <ClCompile Include="src\gameboy.cpp">
      <Filter>Source Files</Filter>
    </ClCompile>
    <ClCompile Include="src\main.cpp">
      <Filter>Source Files</Filter>
    </ClCompile>
    <ClCompile Include="src\SDLSandbox.cpp">
      <Filter>Source Files</Filter>
    </ClCompile>
    <ClCompile Include="src\cli.cpp">
      <Filter>Source Files</Filter>
    </ClCompile>
    <ClCompile Include="src\render.cpp">
      <Filter>Source Files</Filter>
    </ClCompile>
    <ClCompile Include="src\config.cpp">
      <Filter>Source Files</Filter>
    </ClCompile>
  </ItemGroup>
</Project>